<Solution>
  <Project Path="AtomicWar._Game.Factions.csproj" />
  <Project Path="Assembly-CSharp.csproj" />
  <Project Path="AtomicWar._Game.Survivors.csproj" />
  <Project Path="AtomicWar._Game.Encounters.csproj" />
  <Project Path="AtomicWar.Tests.EditMode.csproj" />
  <Project Path="AtomicWar._Game.World.csproj" />
  <Project Path="AtomicWar._Game.AI.csproj" />
  <Project Path="AtomicWar._Game.Core.csproj" />
  <Project Path="AtomicWar._Game.Data.csproj" />
  <Project Path="AtomicWar._Game.UI.csproj" />
  <Project Path="AtomicWar._Game.Inventory.csproj" />
  <Project Path="AtomicWar._Game.Shelter.csproj" />
  <Project Path="MyGame_17s.csproj" />
  <Project Path="AtomicWar._Game.Narrative.csproj" />
  <Project Path="Unity.UI.Shaders.Sample.csproj" />
  <Project Path="Tests_3.csproj" />
  <Project Path="MyExercise_1s.csproj" />
  <Project Path="Timeline.Samples.Tween.csproj" />
  <Project Path="Tests_16.csproj" />
  <Project Path="AtomicWar.Tests.PlayMode.csproj" />
  <Project Path="Unity.UI.Shaders.Sample.Editor.csproj" />
  <Project Path="MyExercise_4s.csproj" />
  <Project Path="Timeline.Samples.Text.csproj" />
  <Project Path="AtomicWar._Game.Quests.csproj" />
  <Project Path="AtomicWar._Game.Medical.csproj" />
  <Project Path="Unity.AI.Navigation.Samples.csproj" />
  <Project Path="Assembly-CSharp-Editor.csproj" />
  <Project Path="Unity.AI.Navigation.Samples.Initialization.Editor.csproj" />
  <Project Path="AtomicWar._Game.Events.csproj" />
  <Project Path="AtomicWar._Game.Endgame.csproj" />
  <Project Path="AtomicWar._Game.Editor.csproj" />
  <Project Path="AtomicWar._Game.Economy.csproj" />
  <Project Path="AtomicWar._Game.Environment.csproj" />
  <Project Path="MyGame_15.csproj" />
  <Project Path="Unity.Splines.Examples.csproj" />
  <Project Path="AtomicWar._Game.Radiation.csproj" />
  <Project Path="Unity.2D.PixelPerfect.Samples.csproj" />
  <Project Path="MyExercise_6.csproj" />
  <Project Path="Timeline.Samples.Utilities.Editor.csproj" />
  <Project Path="Tests_13s.csproj" />
  <Project Path="SampleAssembly.csproj" />
  <Project Path="Unity.InputSystem.RebindingUI.csproj" />
  <Project Path="Unity.InputSystem.InGameHints.csproj" />
  <Project Path="Unity.2D.Animation.Samples.Runtime.csproj" />
  <Project Path="AtomicWar._Game.Crafting.csproj" />
  <Project Path="Unity.2D.Tooling.Editor.SampleReport.csproj" />
  <Project Path="Unity.RenderPipelines.Core.Samples.Runtime.csproj" />
  <Project Path="PSDImporterCustomPacker.csproj" />
  <Project Path="Unity.2D.PixelPerfect.Samples.Editor.csproj" />
  <Project Path="Timeline.Samples.Utilities.csproj" />
  <Project Path="Unity.2D.Animation.Samples.Dependency.csproj" />
  <Project Path="MyExercise_1.csproj" />
  <Project Path="Tests_14s.csproj" />
  <Project Path="Unity.Searcher.EditorSamples.csproj" />
  <Project Path="Unity.InputSystem.Recorder.csproj" />
  <Project Path="Timeline.Samples.TimeDilation.csproj" />
  <Project Path="UnityEngine.InputSystem.Samples.UIvsGameInput.csproj" />
  <Project Path="AtomicWar._Game.Utilities.csproj" />
  <Project Path="Timeline.Samples.Video.csproj" />
  <Project Path="MyExercise_2.csproj" />
  <Project Path="Timeline.Samples.Tween.Editor.csproj" />
  <Project Path="Timeline.Samples.Annotation.csproj" />
  <Project Path="Unity.Splines.Examples.Editor.csproj" />
  <Project Path="Tests_5.csproj" />
  <Project Path="MyExercise_3.csproj" />
  <Project Path="Unity.RenderPipelines.Core.Samples.Editor.csproj" />
  <Project Path="AtomicWar._Game.Simulation.csproj" />
  <Project Path="Tests_6.csproj" />
  <Project Path="Unity.2D.Animation.Samples.Editor.csproj" />
  <Project Path="MyGame_17.csproj" />
  <Project Path="Unity.Settings.Example.csproj" />
  <Project Path="Tests_15.csproj" />
  <Project Path="Unity.2D.Tooling.SampleSpriteAtlasReport.csproj" />
  <Project Path="Tests_4.csproj" />
  <Project Path="Timeline.Samples.Annotation.Editor.csproj" />
  <Project Path="Tests_5s.csproj" />
  <Project Path="PlayModeTests_9.csproj" />
  <Project Path="Tests_15s.csproj" />
  <Project Path="MyExercise_5s.csproj" />
  <Project Path="Tests_1s.csproj" />
  <Project Path="MyGame_16.csproj" />
  <Project Path="Tests_14.csproj" />
  <Project Path="PlayModeTests_7.csproj" />
  <Project Path="MyGame_16s.csproj" />
  <Project Path="MyGame_15s.csproj" />
  <Project Path="Timeline.Samples.Text.Editor.csproj" />
  <Project Path="Unity.Searcher.ScriptsSamples.csproj" />
  <Project Path="PlayModeTests_9s.csproj" />
  <Project Path="MyExercise_2s.csproj" />
  <Project Path="MyExercise_6s.csproj" />
  <Project Path="EditModeTests_11s.csproj" />
  <Project Path="PlayModeTests_10s.csproj" />
  <Project Path="Tests_6s.csproj" />
  <Project Path="AtomicWar._Game.Settings.csproj" />
  <Project Path="Tests_17s.csproj" />
  <Project Path="Tests_3s.csproj" />
  <Project Path="MyExercise_3s.csproj" />
  <Project Path="EditModeTests_11.csproj" />
  <Project Path="Tests_4s.csproj" />
  <Project Path="Tests_2s.csproj" />
  <Project Path="Tests_13.csproj" />
  <Project Path="MyExercise_5.csproj" />
  <Project Path="InputSystem.Samples.Visualizers.csproj" />
  <Project Path="Tests_2.csproj" />
  <Project Path="FromAssetBundle.csproj" />
  <Project Path="Tests_16s.csproj" />
  <Project Path="Timeline.Samples.Video.Editor.csproj" />
  <Project Path="PlayModeTests_12s.csproj" />
  <Project Path="MyExercise_4.csproj" />
  <Project Path="PlayModeTests_8.csproj" />
  <Project Path="PlayModeTests_12.csproj" />
</Solution>
